Microsoft Visual Studio Solution File, Format Version 11.00
# Visual Studio 2008

Project("{55F8645B-7D73-5E75-02C3-F479BED23C43}") = "NatureJoy", "Assembly-CSharp-firstpass.csproj", "{8D6F8912-00AE-4B27-7B0E-D006677E8C10}"
EndProject
Project("{55F8645B-7D73-5E75-02C3-F479BED23C43}") = "NatureJoy", "Assembly-CSharp.csproj", "{DF30B21B-2CFC-7F84-19D1-6D39D67AD61F}"
EndProject
Project("{55F8645B-7D73-5E75-02C3-F479BED23C43}") = "NatureJoy", "Assembly-CSharp-Editor.csproj", "{9FAFADC7-8DBB-73D0-4D4E-3AC0B4B2A339}"
EndProject
Global
	GlobalSection(SolutionConfigurationPlatforms) = preSolution
		Debug|Any CPU = Debug|Any CPU
		Release|Any CPU = Release|Any CPU
	EndGlobalSection
	GlobalSection(ProjectConfigurationPlatforms) = postSolution
		{8D6F8912-00AE-4B27-7B0E-D006677E8C10}.Debug|Any CPU.ActiveCfg = Debug|Any CPU
		{8D6F8912-00AE-4B27-7B0E-D006677E8C10}.Debug|Any CPU.Build.0 = Debug|Any CPU
		{8D6F8912-00AE-4B27-7B0E-D006677E8C10}.Release|Any CPU.ActiveCfg = Release|Any CPU
		{8D6F8912-00AE-4B27-7B0E-D006677E8C10}.Release|Any CPU.Build.0 = Release|Any CPU
		{DF30B21B-2CFC-7F84-19D1-6D39D67AD61F}.Debug|Any CPU.ActiveCfg = Debug|Any CPU
		{DF30B21B-2CFC-7F84-19D1-6D39D67AD61F}.Debug|Any CPU.Build.0 = Debug|Any CPU
		{DF30B21B-2CFC-7F84-19D1-6D39D67AD61F}.Release|Any CPU.ActiveCfg = Release|Any CPU
		{DF30B21B-2CFC-7F84-19D1-6D39D67AD61F}.Release|Any CPU.Build.0 = Release|Any CPU
		{9FAFADC7-8DBB-73D0-4D4E-3AC0B4B2A339}.Debug|Any CPU.ActiveCfg = Debug|Any CPU
		{9FAFADC7-8DBB-73D0-4D4E-3AC0B4B2A339}.Debug|Any CPU.Build.0 = Debug|Any CPU
		{9FAFADC7-8DBB-73D0-4D4E-3AC0B4B2A339}.Release|Any CPU.ActiveCfg = Release|Any CPU
		{9FAFADC7-8DBB-73D0-4D4E-3AC0B4B2A339}.Release|Any CPU.Build.0 = Release|Any CPU
	EndGlobalSection
	GlobalSection(SolutionProperties) = preSolution
		HideSolutionNode = FALSE
	EndGlobalSection
	GlobalSection(MonoDevelopProperties) = preSolution
		StartupItem = Assembly-CSharp.csproj
	EndGlobalSection
EndGlobal
